{
  "name": "@dschulmeis/ls-plugin-highlight.js",
  "version": "2.0.0",
  "lockfileVersion": 1,
  "requires": true,
  "dependencies": {
    "@dschulmeis/ls-utils": {
      "version": "1.0.2",
      "resolved": "https://registry.npmjs.org/@dschulmeis/ls-utils/-/ls-utils-1.0.2.tgz",
      "integrity": "sha512-ZaPKlbA1MW8U5k9nY0HHtehDW31/NDt5vCLSv090lRCMhJV49GjLVGeBJKZ7BjmtqHS2jzo6KUGl50NF9FzLHA=="
    },
    "highlight.js": {
      "version": "11.4.0",
      "resolved": "https://registry.npmjs.org/highlight.js/-/highlight.js-11.4.0.tgz",
      "integrity": "sha512-nawlpCBCSASs7EdvZOYOYVkJpGmAOKMYZgZtUqSRqodZE0GRVcFKwo1RcpeOemqh9hyttTdd5wDBwHkuSyUfnA=="
    }
  }
}
