{
  "name": "@dschulmeis/ls-plugin-highlight.js",
  "version": "2.1.0",
  "lockfileVersion": 3,
  "requires": true,
  "packages": {
    "": {
      "name": "@dschulmeis/ls-plugin-highlight.js",
      "version": "2.1.0",
      "license": "BSD-2-Clause",
      "dependencies": {
        "@dschulmeis/ls-utils": "^1.3.0",
        "highlight.js": "^11.11.1"
      }
    },
    "node_modules/@dschulmeis/ls-utils": {
      "version": "1.3.0",
      "resolved": "https://registry.npmjs.org/@dschulmeis/ls-utils/-/ls-utils-1.3.0.tgz",
      "integrity": "sha512-mmAND3zP6JF9yPzCnLxraRDDpeKthDWAOJnazva5HECXJuNIX+unNKQbiTAwMmUjeNXibN0Dh8kUiiX6k0auGw=="
    },
    "node_modules/highlight.js": {
      "version": "11.11.1",
      "resolved": "https://registry.npmjs.org/highlight.js/-/highlight.js-11.11.1.tgz",
      "integrity": "sha512-Xwwo44whKBVCYoliBQwaPvtd/2tYFkRQtXDWj1nackaV2JPXx3L0+Jvd8/qCJ2p+ML0/XVkJ2q+Mr+UVdpJK5w==",
      "engines": {
        "node": ">=12.0.0"
      }
    }
  }
}
